
Microsoft Visual Studio Solution File, Format Version 12.00
# Visual Studio Version 16
VisualStudioVersion = 16.0.36631.11
MinimumVisualStudioVersion = 10.0.40219.1
Project("{FAE04EC0-301F-11D3-BF4B-00C04F79EFBC}") = "Bloomfiy", "Bloomfiy.csproj", "{43D99627-266A-41CE-9482-29E585FA78FC}"
EndProject
Global
	GlobalSection(SolutionConfigurationPlatforms) = preSolution
		Debug|Any CPU = Debug|Any CPU
		Release|Any CPU = Release|Any CPU
	EndGlobalSection
	GlobalSection(ProjectConfigurationPlatforms) = postSolution
		{43D99627-266A-41CE-9482-29E585FA78FC}.Debug|Any CPU.ActiveCfg = Debug|Any CPU
		{43D99627-266A-41CE-9482-29E585FA78FC}.Debug|Any CPU.Build.0 = Debug|Any CPU
		{43D99627-266A-41CE-9482-29E585FA78FC}.Release|Any CPU.ActiveCfg = Release|Any CPU
		{43D99627-266A-41CE-9482-29E585FA78FC}.Release|Any CPU.Build.0 = Release|Any CPU
	EndGlobalSection
	GlobalSection(SolutionProperties) = preSolution
		HideSolutionNode = FALSE
	EndGlobalSection
	GlobalSection(ExtensibilityGlobals) = postSolution
		SolutionGuid = {4B4228EF-ED71-4A33-872A-AC56C46ED3FF}
	EndGlobalSection
EndGlobal
